
Microsoft Visual Studio Solution File, Format Version 12.00
# Visual Studio 15
VisualStudioVersion = 15.0.28307.2092
MinimumVisualStudioVersion = 10.0.40219.1
Project("{FAE04EC0-301F-11D3-BF4B-00C04F79EFBC}") = "CapaVisual", "CapaVisual\CapaVisual.csproj", "{50ABE970-AF8B-45C8-87EB-33029BD58EEE}"
EndProject
Global
	GlobalSection(SolutionConfigurationPlatforms) = preSolution
		Debug|Any CPU = Debug|Any CPU
		Release|Any CPU = Release|Any CPU
	EndGlobalSection
	GlobalSection(ProjectConfigurationPlatforms) = postSolution
		{50ABE970-AF8B-45C8-87EB-33029BD58EEE}.Debug|Any CPU.ActiveCfg = Debug|Any CPU
		{50ABE970-AF8B-45C8-87EB-33029BD58EEE}.Debug|Any CPU.Build.0 = Debug|Any CPU
		{50ABE970-AF8B-45C8-87EB-33029BD58EEE}.Release|Any CPU.ActiveCfg = Release|Any CPU
		{50ABE970-AF8B-45C8-87EB-33029BD58EEE}.Release|Any CPU.Build.0 = Release|Any CPU
	EndGlobalSection
	GlobalSection(SolutionProperties) = preSolution
		HideSolutionNode = FALSE
	EndGlobalSection
	GlobalSection(ExtensibilityGlobals) = postSolution
		SolutionGuid = {7D9B1BFA-D444-4E22-A152-34FAA5E104B1}
	EndGlobalSection
EndGlobal
